// !$*UTF8*$!
{
	archiveVersion = 1;
	classes = {
	};
	objectVersion = 46;
	objects = {

/* Begin PBXBuildFile section */
		F6D345DE1C584BD2004D7309 /* AppDelegate.swift in Sources */ = {isa = PBXBuildFile; fileRef = F6D345DD1C584BD2004D7309 /* AppDelegate.swift */; };
		F6D345E01C584BD2004D7309 /* ViewController.swift in Sources */ = {isa = PBXBuildFile; fileRef = F6D345DF1C584BD2004D7309 /* ViewController.swift */; };
		F6D345E31C584BD2004D7309 /* Main.storyboard in Resources */ = {isa = PBXBuildFile; fileRef = F6D345E11C584BD2004D7309 /* Main.storyboard */; };
		F6D345E51C584BD2004D7309 /* Assets.xcassets in Resources */ = {isa = PBXBuildFile; fileRef = F6D345E41C584BD2004D7309 /* Assets.xcassets */; };
		F6D345E81C584BD2004D7309 /* LaunchScreen.storyboard in Resources */ = {isa = PBXBuildFile; fileRef = F6D345E61C584BD2004D7309 /* LaunchScreen.storyboard */; };
		F6D345F31C584BD2004D7309 /* PDFDisplayDemoTests.swift in Sources */ = {isa = PBXBuildFile; fileRef = F6D345F21C584BD2004D7309 /* PDFDisplayDemoTests.swift */; };
		F6D345FE1C584BD2004D7309 /* PDFDisplayDemoUITests.swift in Sources */ = {isa = PBXBuildFile; fileRef = F6D345FD1C584BD2004D7309 /* PDFDisplayDemoUITests.swift */; };
		F6EB20751C5851170027B60E /* PDFViewController.swift in Sources */ = {isa = PBXBuildFile; fileRef = F6EB20741C5851170027B60E /* PDFViewController.swift */; };
		F6EB20811C58610F0027B60E /* Readme.txt in Resources */ = {isa = PBXBuildFile; fileRef = F6EB20801C58610F0027B60E /* Readme.txt */; };
/* End PBXBuildFile section */

/* Begin PBXContainerItemProxy section */
		F6D345EF1C584BD2004D7309 /* PBXContainerItemProxy */ = {
			isa = PBXContainerItemProxy;
			containerPortal = F6D345D21C584BD2004D7309 /* Project object */;
			proxyType = 1;
			remoteGlobalIDString = F6D345D91C584BD2004D7309;
			remoteInfo = PDFDisplayDemo;
		};
		F6D345FA1C584BD2004D7309 /* PBXContainerItemProxy */ = {
			isa = PBXContainerItemProxy;
			containerPortal = F6D345D21C584BD2004D7309 /* Project object */;
			proxyType = 1;
			remoteGlobalIDString = F6D345D91C584BD2004D7309;
			remoteInfo = PDFDisplayDemo;
		};
/* End PBXContainerItemProxy section */

/* Begin PBXFileReference section */
		F6D345DA1C584BD2004D7309 /* PDFDisplayDemo.app */ = {isa = PBXFileReference; explicitFileType = wrapper.application; includeInIndex = 0; path = PDFDisplayDemo.app; sourceTree = BUILT_PRODUCTS_DIR; };
		F6D345DD1C584BD2004D7309 /* AppDelegate.swift */ = {isa = PBXFileReference; lastKnownFileType = sourcecode.swift; path = AppDelegate.swift; sourceTree = "<group>"; };
		F6D345DF1C584BD2004D7309 /* ViewController.swift */ = {isa = PBXFileReference; lastKnownFileType = sourcecode.swift; path = ViewController.swift; sourceTree = "<group>"; };
		F6D345E21C584BD2004D7309 /* Base */ = {isa = PBXFileReference; lastKnownFileType = file.storyboard; name = Base; path = Base.lproj/Main.storyboard; sourceTree = "<group>"; };
		F6D345E41C584BD2004D7309 /* Assets.xcassets */ = {isa = PBXFileReference; lastKnownFileType = folder.assetcatalog; path = Assets.xcassets; sourceTree = "<group>"; };
		F6D345E71C584BD2004D7309 /* Base */ = {isa = PBXFileReference; lastKnownFileType = file.storyboard; name = Base; path = Base.lproj/LaunchScreen.storyboard; sourceTree = "<group>"; };
		F6D345E91C584BD2004D7309 /* Info.plist */ = {isa = PBXFileReference; lastKnownFileType = text.plist.xml; path = Info.plist; sourceTree = "<group>"; };
		F6D345EE1C584BD2004D7309 /* PDFDisplayDemoTests.xctest */ = {isa = PBXFileReference; explicitFileType = wrapper.cfbundle; includeInIndex = 0; path = PDFDisplayDemoTests.xctest; sourceTree = BUILT_PRODUCTS_DIR; };
		F6D345F21C584BD2004D7309 /* PDFDisplayDemoTests.swift */ = {isa = PBXFileReference; lastKnownFileType = sourcecode.swift; path = PDFDisplayDemoTests.swift; sourceTree = "<group>"; };
		F6D345F41C584BD2004D7309 /* Info.plist */ = {isa = PBXFileReference; lastKnownFileType = text.plist.xml; path = Info.plist; sourceTree = "<group>"; };
		F6D345F91C584BD2004D7309 /* PDFDisplayDemoUITests.xctest */ = {isa = PBXFileReference; explicitFileType = wrapper.cfbundle; includeInIndex = 0; path = PDFDisplayDemoUITests.xctest; sourceTree = BUILT_PRODUCTS_DIR; };
		F6D345FD1C584BD2004D7309 /* PDFDisplayDemoUITests.swift */ = {isa = PBXFileReference; lastKnownFileType = sourcecode.swift; path = PDFDisplayDemoUITests.swift; sourceTree = "<group>"; };
		F6D345FF1C584BD2004D7309 /* Info.plist */ = {isa = PBXFileReference; lastKnownFileType = text.plist.xml; path = Info.plist; sourceTree = "<group>"; };
		F6EB20741C5851170027B60E /* PDFViewController.swift */ = {isa = PBXFileReference; fileEncoding = 4; lastKnownFileType = sourcecode.swift; path = PDFViewController.swift; sourceTree = "<group>"; };
		F6EB20801C58610F0027B60E /* Readme.txt */ = {isa = PBXFileReference; fileEncoding = 4; lastKnownFileType = text; path = Readme.txt; sourceTree = "<group>"; };
/* End PBXFileReference section */

/* Begin PBXFrameworksBuildPhase section */
		F6D345D71C584BD2004D7309 /* Frameworks */ = {
			isa = PBXFrameworksBuildPhase;
			buildActionMask = 2147483647;
			files = (
			);
			runOnlyForDeploymentPostprocessing = 0;
		};
		F6D345EB1C584BD2004D7309 /* Frameworks */ = {
			isa = PBXFrameworksBuildPhase;
			buildActionMask = 2147483647;
			files = (
			);
			runOnlyForDeploymentPostprocessing = 0;
		};
		F6D345F61C584BD2004D7309 /* Frameworks */ = {
			isa = PBXFrameworksBuildPhase;
			buildActionMask = 2147483647;
			files = (
			);
			runOnlyForDeploymentPostprocessing = 0;
		};
/* End PBXFrameworksBuildPhase section */

/* Begin PBXGroup section */
		F6D345D11C584BD2004D7309 = {
			isa = PBXGroup;
			children = (
				F6EB20801C58610F0027B60E /* Readme.txt */,
				F6D345DC1C584BD2004D7309 /* PDFDisplayDemo */,
				F6D345F11C584BD2004D7309 /* PDFDisplayDemoTests */,
				F6D345FC1C584BD2004D7309 /* PDFDisplayDemoUITests */,
				F6D345DB1C584BD2004D7309 /* Products */,
			);
			sourceTree = "<group>";
		};
		F6D345DB1C584BD2004D7309 /* Products */ = {
			isa = PBXGroup;
			children = (
				F6D345DA1C584BD2004D7309 /* PDFDisplayDemo.app */,
				F6D345EE1C584BD2004D7309 /* PDFDisplayDemoTests.xctest */,
				F6D345F91C584BD2004D7309 /* PDFDisplayDemoUITests.xctest */,
			);
			name = Products;
			sourceTree = "<group>";
		};
		F6D345DC1C584BD2004D7309 /* PDFDisplayDemo */ = {
			isa = PBXGroup;
			children = (
				F6D345DD1C584BD2004D7309 /* AppDelegate.swift */,
				F6D345DF1C584BD2004D7309 /* ViewController.swift */,
				F6EB20741C5851170027B60E /* PDFViewController.swift */,
				F6D345E11C584BD2004D7309 /* Main.storyboard */,
				F6D345E41C584BD2004D7309 /* Assets.xcassets */,
				F6D345E61C584BD2004D7309 /* LaunchScreen.storyboard */,
				F6D345E91C584BD2004D7309 /* Info.plist */,
			);
			path = PDFDisplayDemo;
			sourceTree = "<group>";
		};
		F6D345F11C584BD2004D7309 /* PDFDisplayDemoTests */ = {
			isa = PBXGroup;
			children = (
				F6D345F21C584BD2004D7309 /* PDFDisplayDemoTests.swift */,
				F6D345F41C584BD2004D7309 /* Info.plist */,
			);
			path = PDFDisplayDemoTests;
			sourceTree = "<group>";
		};
		F6D345FC1C584BD2004D7309 /* PDFDisplayDemoUITests */ = {
			isa = PBXGroup;
			children = (
				F6D345FD1C584BD2004D7309 /* PDFDisplayDemoUITests.swift */,
				F6D345FF1C584BD2004D7309 /* Info.plist */,
			);
			path = PDFDisplayDemoUITests;
			sourceTree = "<group>";
		};
/* End PBXGroup section */

/* Begin PBXNativeTarget section */
		F6D345D91C584BD2004D7309 /* PDFDisplayDemo */ = {
			isa = PBXNativeTarget;
			buildConfigurationList = F6D346021C584BD2004D7309 /* Build configuration list for PBXNativeTarget "PDFDisplayDemo" */;
			buildPhases = (
				F6D345D61C584BD2004D7309 /* Sources */,
				F6D345D71C584BD2004D7309 /* Frameworks */,
				F6D345D81C584BD2004D7309 /* Resources */,
			);
			buildRules = (
			);
			dependencies = (
			);
			name = PDFDisplayDemo;
			productName = PDFDisplayDemo;
			productReference = F6D345DA1C584BD2004D7309 /* PDFDisplayDemo.app */;
			productType = "com.apple.product-type.application";
		};
		F6D345ED1C584BD2004D7309 /* PDFDisplayDemoTests */ = {
			isa = PBXNativeTarget;
			buildConfigurationList = F6D346051C584BD2004D7309 /* Build configuration list for PBXNativeTarget "PDFDisplayDemoTests" */;
			buildPhases = (
				F6D345EA1C584BD2004D7309 /* Sources */,
				F6D345EB1C584BD2004D7309 /* Frameworks */,
				F6D345EC1C584BD2004D7309 /* Resources */,
			);
			buildRules = (
			);
			dependencies = (
				F6D345F01C584BD2004D7309 /* PBXTargetDependency */,
			);
			name = PDFDisplayDemoTests;
			productName = PDFDisplayDemoTests;
			productReference = F6D345EE1C584BD2004D7309 /* PDFDisplayDemoTests.xctest */;
			productType = "com.apple.product-type.bundle.unit-test";
		};
		F6D345F81C584BD2004D7309 /* PDFDisplayDemoUITests */ = {
			isa = PBXNativeTarget;
			buildConfigurationList = F6D346081C584BD2004D7309 /* Build configuration list for PBXNativeTarget "PDFDisplayDemoUITests" */;
			buildPhases = (
				F6D345F51C584BD2004D7309 /* Sources */,
				F6D345F61C584BD2004D7309 /* Frameworks */,
				F6D345F71C584BD2004D7309 /* Resources */,
			);
			buildRules = (
			);
			dependencies = (
				F6D345FB1C584BD2004D7309 /* PBXTargetDependency */,
			);
			name = PDFDisplayDemoUITests;
			productName = PDFDisplayDemoUITests;
			productReference = F6D345F91C584BD2004D7309 /* PDFDisplayDemoUITests.xctest */;
			productType = "com.apple.product-type.bundle.ui-testing";
		};
/* End PBXNativeTarget section */

/* Begin PBXProject section */
		F6D345D21C584BD2004D7309 /* Project object */ = {
			isa = PBXProject;
			attributes = {
				LastSwiftUpdateCheck = 0720;
				LastUpgradeCheck = 0720;
				ORGANIZATIONNAME = "Serene IT";
				TargetAttributes = {
					F6D345D91C584BD2004D7309 = {
						CreatedOnToolsVersion = 7.2;
					};
					F6D345ED1C584BD2004D7309 = {
						CreatedOnToolsVersion = 7.2;
						TestTargetID = F6D345D91C584BD2004D7309;
					};
					F6D345F81C584BD2004D7309 = {
						CreatedOnToolsVersion = 7.2;
						TestTargetID = F6D345D91C584BD2004D7309;
					};
				};
			};
			buildConfigurationList = F6D345D51C584BD2004D7309 /* Build configuration list for PBXProject "PDFDisplayDemo" */;
			compatibilityVersion = "Xcode 3.2";
			developmentRegion = English;
			hasScannedForEncodings = 0;
			knownRegions = (
				en,
				Base,
			);
			mainGroup = F6D345D11C584BD2004D7309;
			productRefGroup = F6D345DB1C584BD2004D7309 /* Products */;
			projectDirPath = "";
			projectRoot = "";
			targets = (
				F6D345D91C584BD2004D7309 /* PDFDisplayDemo */,
				F6D345ED1C584BD2004D7309 /* PDFDisplayDemoTests */,
				F6D345F81C584BD2004D7309 /* PDFDisplayDemoUITests */,
			);
		};
/* End PBXProject section */

/* Begin PBXResourcesBuildPhase section */
		F6D345D81C584BD2004D7309 /* Resources */ = {
			isa = PBXResourcesBuildPhase;
			buildActionMask = 2147483647;
			files = (
				F6D345E81C584BD2004D7309 /* LaunchScreen.storyboard in Resources */,
				F6D345E51C584BD2004D7309 /* Assets.xcassets in Resources */,
				F6EB20811C58610F0027B60E /* Readme.txt in Resources */,
				F6D345E31C584BD2004D7309 /* Main.storyboard in Resources */,
			);
			runOnlyForDeploymentPostprocessing = 0;
		};
		F6D345EC1C584BD2004D7309 /* Resources */ = {
			isa = PBXResourcesBuildPhase;
			buildActionMask = 2147483647;
			files = (
			);
			runOnlyForDeploymentPostprocessing = 0;
		};
		F6D345F71C584BD2004D7309 /* Resources */ = {
			isa = PBXResourcesBuildPhase;
			buildActionMask = 2147483647;
			files = (
			);
			runOnlyForDeploymentPostprocessing = 0;
		};
/* End PBXResourcesBuildPhase section */

/* Begin PBXSourcesBuildPhase section */
		F6D345D61C584BD2004D7309 /* Sources */ = {
			isa = PBXSourcesBuildPhase;
			buildActionMask = 2147483647;
			files = (
				F6EB20751C5851170027B60E /* PDFViewController.swift in Sources */,
				F6D345E01C584BD2004D7309 /* ViewController.swift in Sources */,
				F6D345DE1C584BD2004D7309 /* AppDelegate.swift in Sources */,
			);
			runOnlyForDeploymentPostprocessing = 0;
		};
		F6D345EA1C584BD2004D7309 /* Sources */ = {
			isa = PBXSourcesBuildPhase;
			buildActionMask = 2147483647;
			files = (
				F6D345F31C584BD2004D7309 /* PDFDisplayDemoTests.swift in Sources */,
			);
			runOnlyForDeploymentPostprocessing = 0;
		};
		F6D345F51C584BD2004D7309 /* Sources */ = {
			isa = PBXSourcesBuildPhase;
			buildActionMask = 2147483647;
			files = (
				F6D345FE1C584BD2004D7309 /* PDFDisplayDemoUITests.swift in Sources */,
			);
			runOnlyForDeploymentPostprocessing = 0;
		};
/* End PBXSourcesBuildPhase section */

/* Begin PBXTargetDependency section */
		F6D345F01C584BD2004D7309 /* PBXTargetDependency */ = {
			isa = PBXTargetDependency;
			target = F6D345D91C584BD2004D7309 /* PDFDisplayDemo */;
			targetProxy = F6D345EF1C584BD2004D7309 /* PBXContainerItemProxy */;
		};
		F6D345FB1C584BD2004D7309 /* PBXTargetDependency */ = {
			isa = PBXTargetDependency;
			target = F6D345D91C584BD2004D7309 /* PDFDisplayDemo */;
			targetProxy = F6D345FA1C584BD2004D7309 /* PBXContainerItemProxy */;
		};
/* End PBXTargetDependency section */

/* Begin PBXVariantGroup section */
		F6D345E11C584BD2004D7309 /* Main.storyboard */ = {
			isa = PBXVariantGroup;
			children = (
				F6D345E21C584BD2004D7309 /* Base */,
			);
			name = Main.storyboard;
			sourceTree = "<group>";
		};
		F6D345E61C584BD2004D7309 /* LaunchScreen.storyboard */ = {
			isa = PBXVariantGroup;
			children = (
				F6D345E71C584BD2004D7309 /* Base */,
			);
			name = LaunchScreen.storyboard;
			sourceTree = "<group>";
		};
/* End PBXVariantGroup section */

/* Begin XCBuildConfiguration section */
		F6D346001C584BD2004D7309 /* Debug */ = {
			isa = XCBuildConfiguration;
			buildSettings = {
				ALWAYS_SEARCH_USER_PATHS = NO;
				CLANG_CXX_LANGUAGE_STANDARD = "gnu++0x";
				CLANG_CXX_LIBRARY = "libc++";
				CLANG_ENABLE_MODULES = YES;
				CLANG_ENABLE_OBJC_ARC = YES;
				CLANG_WARN_BOOL_CONVERSION = YES;
				CLANG_WARN_CONSTANT_CONVERSION = YES;
				CLANG_WARN_DIRECT_OBJC_ISA_USAGE = YES_ERROR;
				CLANG_WARN_EMPTY_BODY = YES;
				CLANG_WARN_ENUM_CONVERSION = YES;
				CLANG_WARN_INT_CONVERSION = YES;
				CLANG_WARN_OBJC_ROOT_CLASS = YES_ERROR;
				CLANG_WARN_UNREACHABLE_CODE = YES;
				CLANG_WARN__DUPLICATE_METHOD_MATCH = YES;
				"CODE_SIGN_IDENTITY[sdk=iphoneos*]" = "iPhone Developer";
				COPY_PHASE_STRIP = NO;
				DEBUG_INFORMATION_FORMAT = dwarf;
				ENABLE_STRICT_OBJC_MSGSEND = YES;
				ENABLE_TESTABILITY = YES;
				GCC_C_LANGUAGE_STANDARD = gnu99;
				GCC_DYNAMIC_NO_PIC = NO;
				GCC_NO_COMMON_BLOCKS = YES;
				GCC_OPTIMIZATION_LEVEL = 0;
				GCC_PREPROCESSOR_DEFINITIONS = (
					"DEBUG=1",
					"$(inherited)",
				);
				GCC_WARN_64_TO_32_BIT_CONVERSION = YES;
				GCC_WARN_ABOUT_RETURN_TYPE = YES_ERROR;
				GCC_WARN_UNDECLARED_SELECTOR = YES;
				GCC_WARN_UNINITIALIZED_AUTOS = YES_AGGRESSIVE;
				GCC_WARN_UNUSED_FUNCTION = YES;
				GCC_WARN_UNUSED_VARIABLE = YES;
				IPHONEOS_DEPLOYMENT_TARGET = 9.2;
				MTL_ENABLE_DEBUG_INFO = YES;
				ONLY_ACTIVE_ARCH = YES;
				SDKROOT = iphoneos;
				SWIFT_OPTIMIZATION_LEVEL = "-Onone";
				TARGETED_DEVICE_FAMILY = "1,2";
			};
			name = Debug;
		};
		F6D346011C584BD2004D7309 /* Release */ = {
			isa = XCBuildConfiguration;
			buildSettings = {
				ALWAYS_SEARCH_USER_PATHS = NO;
				CLANG_CXX_LANGUAGE_STANDARD = "gnu++0x";
				CLANG_CXX_LIBRARY = "libc++";
				CLANG_ENABLE_MODULES = YES;
				CLANG_ENABLE_OBJC_ARC = YES;
				CLANG_WARN_BOOL_CONVERSION = YES;
				CLANG_WARN_CONSTANT_CONVERSION = YES;
				CLANG_WARN_DIRECT_OBJC_ISA_USAGE = YES_ERROR;
				CLANG_WARN_EMPTY_BODY = YES;
				CLANG_WARN_ENUM_CONVERSION = YES;
				CLANG_WARN_INT_CONVERSION = YES;
				CLANG_WARN_OBJC_ROOT_CLASS = YES_ERROR;
				CLANG_WARN_UNREACHABLE_CODE = YES;
				CLANG_WARN__DUPLICATE_METHOD_MATCH = YES;
				"CODE_SIGN_IDENTITY[sdk=iphoneos*]" = "iPhone Developer";
				COPY_PHASE_STRIP = NO;
				DEBUG_INFORMATION_FORMAT = "dwarf-with-dsym";
				ENABLE_NS_ASSERTIONS = NO;
				ENABLE_STRICT_OBJC_MSGSEND = YES;
				GCC_C_LANGUAGE_STANDARD = gnu99;
				GCC_NO_COMMON_BLOCKS = YES;
				GCC_WARN_64_TO_32_BIT_CONVERSION = YES;
				GCC_WARN_ABOUT_RETURN_TYPE = YES_ERROR;
				GCC_WARN_UNDECLARED_SELECTOR = YES;
				GCC_WARN_UNINITIALIZED_AUTOS = YES_AGGRESSIVE;
				GCC_WARN_UNUSED_FUNCTION = YES;
				GCC_WARN_UNUSED_VARIABLE = YES;
				IPHONEOS_DEPLOYMENT_TARGET = 9.2;
				MTL_ENABLE_DEBUG_INFO = NO;
				SDKROOT = iphoneos;
				TARGETED_DEVICE_FAMILY = "1,2";
				VALIDATE_PRODUCT = YES;
			};
			name = Release;
		};
		F6D346031C584BD2004D7309 /* Debug */ = {
			isa = XCBuildConfiguration;
			buildSettings = {
				ASSETCATALOG_COMPILER_APPICON_NAME = AppIcon;
				INFOPLIST_FILE = PDFDisplayDemo/Info.plist;
				LD_RUNPATH_SEARCH_PATHS = "$(inherited) @executable_path/Frameworks";
				PRODUCT_BUNDLE_IDENTIFIER = com.sereneit.PDFDisplayDemo;
				PRODUCT_NAME = "$(TARGET_NAME)";
			};
			name = Debug;
		};
		F6D346041C584BD2004D7309 /* Release */ = {
			isa = XCBuildConfiguration;
			buildSettings = {
				ASSETCATALOG_COMPILER_APPICON_NAME = AppIcon;
				INFOPLIST_FILE = PDFDisplayDemo/Info.plist;
				LD_RUNPATH_SEARCH_PATHS = "$(inherited) @executable_path/Frameworks";
				PRODUCT_BUNDLE_IDENTIFIER = com.sereneit.PDFDisplayDemo;
				PRODUCT_NAME = "$(TARGET_NAME)";
			};
			name = Release;
		};
		F6D346061C584BD2004D7309 /* Debug */ = {
			isa = XCBuildConfiguration;
			buildSettings = {
				BUNDLE_LOADER = "$(TEST_HOST)";
				INFOPLIST_FILE = PDFDisplayDemoTests/Info.plist;
				LD_RUNPATH_SEARCH_PATHS = "$(inherited) @executable_path/Frameworks @loader_path/Frameworks";
				PRODUCT_BUNDLE_IDENTIFIER = com.sereneit.PDFDisplayDemoTests;
				PRODUCT_NAME = "$(TARGET_NAME)";
				TEST_HOST = "$(BUILT_PRODUCTS_DIR)/PDFDisplayDemo.app/PDFDisplayDemo";
			};
			name = Debug;
		};
		F6D346071C584BD2004D7309 /* Release */ = {
			isa = XCBuildConfiguration;
			buildSettings = {
				BUNDLE_LOADER = "$(TEST_HOST)";
				INFOPLIST_FILE = PDFDisplayDemoTests/Info.plist;
				LD_RUNPATH_SEARCH_PATHS = "$(inherited) @executable_path/Frameworks @loader_path/Frameworks";
				PRODUCT_BUNDLE_IDENTIFIER = com.sereneit.PDFDisplayDemoTests;
				PRODUCT_NAME = "$(TARGET_NAME)";
				TEST_HOST = "$(BUILT_PRODUCTS_DIR)/PDFDisplayDemo.app/PDFDisplayDemo";
			};
			name = Release;
		};
		F6D346091C584BD2004D7309 /* Debug */ = {
			isa = XCBuildConfiguration;
			buildSettings = {
				INFOPLIST_FILE = PDFDisplayDemoUITests/Info.plist;
				LD_RUNPATH_SEARCH_PATHS = "$(inherited) @executable_path/Frameworks @loader_path/Frameworks";
				PRODUCT_BUNDLE_IDENTIFIER = com.sereneit.PDFDisplayDemoUITests;
				PRODUCT_NAME = "$(TARGET_NAME)";
				TEST_TARGET_NAME = PDFDisplayDemo;
				USES_XCTRUNNER = YES;
			};
			name = Debug;
		};
		F6D3460A1C584BD2004D7309 /* Release */ = {
			isa = XCBuildConfiguration;
			buildSettings = {
				INFOPLIST_FILE = PDFDisplayDemoUITests/Info.plist;
				LD_RUNPATH_SEARCH_PATHS = "$(inherited) @executable_path/Frameworks @loader_path/Frameworks";
				PRODUCT_BUNDLE_IDENTIFIER = com.sereneit.PDFDisplayDemoUITests;
				PRODUCT_NAME = "$(TARGET_NAME)";
				TEST_TARGET_NAME = PDFDisplayDemo;
				USES_XCTRUNNER = YES;
			};
			name = Release;
		};
/* End XCBuildConfiguration section */

/* Begin XCConfigurationList section */
		F6D345D51C584BD2004D7309 /* Build configuration list for PBXProject "PDFDisplayDemo" */ = {
			isa = XCConfigurationList;
			buildConfigurations = (
				F6D346001C584BD2004D7309 /* Debug */,
				F6D346011C584BD2004D7309 /* Release */,
			);
			defaultConfigurationIsVisible = 0;
			defaultConfigurationName = Release;
		};
		F6D346021C584BD2004D7309 /* Build configuration list for PBXNativeTarget "PDFDisplayDemo" */ = {
			isa = XCConfigurationList;
			buildConfigurations = (
				F6D346031C584BD2004D7309 /* Debug */,
				F6D346041C584BD2004D7309 /* Release */,
			);
			defaultConfigurationIsVisible = 0;
			defaultConfigurationName = Release;
		};
		F6D346051C584BD2004D7309 /* Build configuration list for PBXNativeTarget "PDFDisplayDemoTests" */ = {
			isa = XCConfigurationList;
			buildConfigurations = (
				F6D346061C584BD2004D7309 /* Debug */,
				F6D346071C584BD2004D7309 /* Release */,
			);
			defaultConfigurationIsVisible = 0;
			defaultConfigurationName = Release;
		};
		F6D346081C584BD2004D7309 /* Build configuration list for PBXNativeTarget "PDFDisplayDemoUITests" */ = {
			isa = XCConfigurationList;
			buildConfigurations = (
				F6D346091C584BD2004D7309 /* Debug */,
				F6D3460A1C584BD2004D7309 /* Release */,
			);
			defaultConfigurationIsVisible = 0;
			defaultConfigurationName = Release;
		};
/* End XCConfigurationList section */
	};
	rootObject = F6D345D21C584BD2004D7309 /* Project object */;
}
